// !$*UTF8*$!
{
	archiveVersion = 1;
	classes = {
	};
	objectVersion = 46;
	objects = {

/* Begin PBXBuildFile section */
		38A8CE9B1BCEC67D00F26DB8 /* AppDelegate.swift in Sources */ = {isa = PBXBuildFile; fileRef = 38A8CE9A1BCEC67D00F26DB8 /* AppDelegate.swift */; };
		38A8CE9D1BCEC67D00F26DB8 /* ViewController.swift in Sources */ = {isa = PBXBuildFile; fileRef = 38A8CE9C1BCEC67D00F26DB8 /* ViewController.swift */; };
		38A8CEA01BCEC67D00F26DB8 /* Main.storyboard in Resources */ = {isa = PBXBuildFile; fileRef = 38A8CE9E1BCEC67D00F26DB8 /* Main.storyboard */; };
		38A8CEA21BCEC67D00F26DB8 /* Assets.xcassets in Resources */ = {isa = PBXBuildFile; fileRef = 38A8CEA11BCEC67D00F26DB8 /* Assets.xcassets */; };
		38A8CEA51BCEC67D00F26DB8 /* LaunchScreen.storyboard in Resources */ = {isa = PBXBuildFile; fileRef = 38A8CEA31BCEC67D00F26DB8 /* LaunchScreen.storyboard */; };
		38A8CEAD1BCEC75200F26DB8 /* TipCalculatorModel.swift in Sources */ = {isa = PBXBuildFile; fileRef = 38A8CEAC1BCEC75200F26DB8 /* TipCalculatorModel.swift */; settings = {ASSET_TAGS = (); }; };
/* End PBXBuildFile section */

/* Begin PBXFileReference section */
		38A8CE971BCEC67D00F26DB8 /* TipCalculator.app */ = {isa = PBXFileReference; explicitFileType = wrapper.application; includeInIndex = 0; path = TipCalculator.app; sourceTree = BUILT_PRODUCTS_DIR; };
		38A8CE9A1BCEC67D00F26DB8 /* AppDelegate.swift */ = {isa = PBXFileReference; lastKnownFileType = sourcecode.swift; path = AppDelegate.swift; sourceTree = "<group>"; };
		38A8CE9C1BCEC67D00F26DB8 /* ViewController.swift */ = {isa = PBXFileReference; lastKnownFileType = sourcecode.swift; path = ViewController.swift; sourceTree = "<group>"; };
		38A8CE9F1BCEC67D00F26DB8 /* Base */ = {isa = PBXFileReference; lastKnownFileType = file.storyboard; name = Base; path = Base.lproj/Main.storyboard; sourceTree = "<group>"; };
		38A8CEA11BCEC67D00F26DB8 /* Assets.xcassets */ = {isa = PBXFileReference; lastKnownFileType = folder.assetcatalog; path = Assets.xcassets; sourceTree = "<group>"; };
		38A8CEA41BCEC67D00F26DB8 /* Base */ = {isa = PBXFileReference; lastKnownFileType = file.storyboard; name = Base; path = Base.lproj/LaunchScreen.storyboard; sourceTree = "<group>"; };
		38A8CEA61BCEC67D00F26DB8 /* Info.plist */ = {isa = PBXFileReference; lastKnownFileType = text.plist.xml; path = Info.plist; sourceTree = "<group>"; };
		38A8CEAC1BCEC75200F26DB8 /* TipCalculatorModel.swift */ = {isa = PBXFileReference; fileEncoding = 4; lastKnownFileType = sourcecode.swift; path = TipCalculatorModel.swift; sourceTree = SOURCE_ROOT; };
/* End PBXFileReference section */

/* Begin PBXFrameworksBuildPhase section */
		38A8CE941BCEC67D00F26DB8 /* Frameworks */ = {
			isa = PBXFrameworksBuildPhase;
			buildActionMask = 2147483647;
			files = (
			);
			runOnlyForDeploymentPostprocessing = 0;
		};
/* End PBXFrameworksBuildPhase section */

/* Begin PBXGroup section */
		38A8CE8E1BCEC67D00F26DB8 = {
			isa = PBXGroup;
			children = (
				38A8CE991BCEC67D00F26DB8 /* TipCalculator */,
				38A8CE981BCEC67D00F26DB8 /* Products */,
			);
			sourceTree = "<group>";
		};
		38A8CE981BCEC67D00F26DB8 /* Products */ = {
			isa = PBXGroup;
			children = (
				38A8CE971BCEC67D00F26DB8 /* TipCalculator.app */,
			);
			name = Products;
			sourceTree = "<group>";
		};
		38A8CE991BCEC67D00F26DB8 /* TipCalculator */ = {
			isa = PBXGroup;
			children = (
				38A8CEAC1BCEC75200F26DB8 /* TipCalculatorModel.swift */,
				38A8CE9A1BCEC67D00F26DB8 /* AppDelegate.swift */,
				38A8CE9C1BCEC67D00F26DB8 /* ViewController.swift */,
				38A8CE9E1BCEC67D00F26DB8 /* Main.storyboard */,
				38A8CEA11BCEC67D00F26DB8 /* Assets.xcassets */,
				38A8CEA31BCEC67D00F26DB8 /* LaunchScreen.storyboard */,
				38A8CEA61BCEC67D00F26DB8 /* Info.plist */,
			);
			path = TipCalculator;
			sourceTree = "<group>";
		};
/* End PBXGroup section */

/* Begin PBXNativeTarget section */
		38A8CE961BCEC67D00F26DB8 /* TipCalculator */ = {
			isa = PBXNativeTarget;
			buildConfigurationList = 38A8CEA91BCEC67D00F26DB8 /* Build configuration list for PBXNativeTarget "TipCalculator" */;
			buildPhases = (
				38A8CE931BCEC67D00F26DB8 /* Sources */,
				38A8CE941BCEC67D00F26DB8 /* Frameworks */,
				38A8CE951BCEC67D00F26DB8 /* Resources */,
			);
			buildRules = (
			);
			dependencies = (
			);
			name = TipCalculator;
			productName = TipCalculator;
			productReference = 38A8CE971BCEC67D00F26DB8 /* TipCalculator.app */;
			productType = "com.apple.product-type.application";
		};
/* End PBXNativeTarget section */

/* Begin PBXProject section */
		38A8CE8F1BCEC67D00F26DB8 /* Project object */ = {
			isa = PBXProject;
			attributes = {
				LastUpgradeCheck = 0700;
				ORGANIZATIONNAME = Rocketmade;
				TargetAttributes = {
					38A8CE961BCEC67D00F26DB8 = {
						CreatedOnToolsVersion = 7.0.1;
					};
				};
			};
			buildConfigurationList = 38A8CE921BCEC67D00F26DB8 /* Build configuration list for PBXProject "TipCalculator" */;
			compatibilityVersion = "Xcode 3.2";
			developmentRegion = English;
			hasScannedForEncodings = 0;
			knownRegions = (
				en,
				Base,
			);
			mainGroup = 38A8CE8E1BCEC67D00F26DB8;
			productRefGroup = 38A8CE981BCEC67D00F26DB8 /* Products */;
			projectDirPath = "";
			projectRoot = "";
			targets = (
				38A8CE961BCEC67D00F26DB8 /* TipCalculator */,
			);
		};
/* End PBXProject section */

/* Begin PBXResourcesBuildPhase section */
		38A8CE951BCEC67D00F26DB8 /* Resources */ = {
			isa = PBXResourcesBuildPhase;
			buildActionMask = 2147483647;
			files = (
				38A8CEA51BCEC67D00F26DB8 /* LaunchScreen.storyboard in Resources */,
				38A8CEA21BCEC67D00F26DB8 /* Assets.xcassets in Resources */,
				38A8CEA01BCEC67D00F26DB8 /* Main.storyboard in Resources */,
			);
			runOnlyForDeploymentPostprocessing = 0;
		};
/* End PBXResourcesBuildPhase section */

/* Begin PBXSourcesBuildPhase section */
		38A8CE931BCEC67D00F26DB8 /* Sources */ = {
			isa = PBXSourcesBuildPhase;
			buildActionMask = 2147483647;
			files = (
				38A8CEAD1BCEC75200F26DB8 /* TipCalculatorModel.swift in Sources */,
				38A8CE9D1BCEC67D00F26DB8 /* ViewController.swift in Sources */,
				38A8CE9B1BCEC67D00F26DB8 /* AppDelegate.swift in Sources */,
			);
			runOnlyForDeploymentPostprocessing = 0;
		};
/* End PBXSourcesBuildPhase section */

/* Begin PBXVariantGroup section */
		38A8CE9E1BCEC67D00F26DB8 /* Main.storyboard */ = {
			isa = PBXVariantGroup;
			children = (
				38A8CE9F1BCEC67D00F26DB8 /* Base */,
			);
			name = Main.storyboard;
			sourceTree = "<group>";
		};
		38A8CEA31BCEC67D00F26DB8 /* LaunchScreen.storyboard */ = {
			isa = PBXVariantGroup;
			children = (
				38A8CEA41BCEC67D00F26DB8 /* Base */,
			);
			name = LaunchScreen.storyboard;
			sourceTree = "<group>";
		};
/* End PBXVariantGroup section */

/* Begin XCBuildConfiguration section */
		38A8CEA71BCEC67D00F26DB8 /* Debug */ = {
			isa = XCBuildConfiguration;
			buildSettings = {
				ALWAYS_SEARCH_USER_PATHS = NO;
				CLANG_CXX_LANGUAGE_STANDARD = "gnu++0x";
				CLANG_CXX_LIBRARY = "libc++";
				CLANG_ENABLE_MODULES = YES;
				CLANG_ENABLE_OBJC_ARC = YES;
				CLANG_WARN_BOOL_CONVERSION = YES;
				CLANG_WARN_CONSTANT_CONVERSION = YES;
				CLANG_WARN_DIRECT_OBJC_ISA_USAGE = YES_ERROR;
				CLANG_WARN_EMPTY_BODY = YES;
				CLANG_WARN_ENUM_CONVERSION = YES;
				CLANG_WARN_INT_CONVERSION = YES;
				CLANG_WARN_OBJC_ROOT_CLASS = YES_ERROR;
				CLANG_WARN_UNREACHABLE_CODE = YES;
				CLANG_WARN__DUPLICATE_METHOD_MATCH = YES;
				"CODE_SIGN_IDENTITY[sdk=iphoneos*]" = "iPhone Developer";
				COPY_PHASE_STRIP = NO;
				DEBUG_INFORMATION_FORMAT = dwarf;
				ENABLE_STRICT_OBJC_MSGSEND = YES;
				ENABLE_TESTABILITY = YES;
				GCC_C_LANGUAGE_STANDARD = gnu99;
				GCC_DYNAMIC_NO_PIC = NO;
				GCC_NO_COMMON_BLOCKS = YES;
				GCC_OPTIMIZATION_LEVEL = 0;
				GCC_PREPROCESSOR_DEFINITIONS = (
					"DEBUG=1",
					"$(inherited)",
				);
				GCC_WARN_64_TO_32_BIT_CONVERSION = YES;
				GCC_WARN_ABOUT_RETURN_TYPE = YES_ERROR;
				GCC_WARN_UNDECLARED_SELECTOR = YES;
				GCC_WARN_UNINITIALIZED_AUTOS = YES_AGGRESSIVE;
				GCC_WARN_UNUSED_FUNCTION = YES;
				GCC_WARN_UNUSED_VARIABLE = YES;
				IPHONEOS_DEPLOYMENT_TARGET = 9.0;
				MTL_ENABLE_DEBUG_INFO = YES;
				ONLY_ACTIVE_ARCH = YES;
				SDKROOT = iphoneos;
				SWIFT_OPTIMIZATION_LEVEL = "-Onone";
			};
			name = Debug;
		};
		38A8CEA81BCEC67D00F26DB8 /* Release */ = {
			isa = XCBuildConfiguration;
			buildSettings = {
				ALWAYS_SEARCH_USER_PATHS = NO;
				CLANG_CXX_LANGUAGE_STANDARD = "gnu++0x";
				CLANG_CXX_LIBRARY = "libc++";
				CLANG_ENABLE_MODULES = YES;
				CLANG_ENABLE_OBJC_ARC = YES;
				CLANG_WARN_BOOL_CONVERSION = YES;
				CLANG_WARN_CONSTANT_CONVERSION = YES;
				CLANG_WARN_DIRECT_OBJC_ISA_USAGE = YES_ERROR;
				CLANG_WARN_EMPTY_BODY = YES;
				CLANG_WARN_ENUM_CONVERSION = YES;
				CLANG_WARN_INT_CONVERSION = YES;
				CLANG_WARN_OBJC_ROOT_CLASS = YES_ERROR;
				CLANG_WARN_UNREACHABLE_CODE = YES;
				CLANG_WARN__DUPLICATE_METHOD_MATCH = YES;
				"CODE_SIGN_IDENTITY[sdk=iphoneos*]" = "iPhone Developer";
				COPY_PHASE_STRIP = NO;
				DEBUG_INFORMATION_FORMAT = "dwarf-with-dsym";
				ENABLE_NS_ASSERTIONS = NO;
				ENABLE_STRICT_OBJC_MSGSEND = YES;
				GCC_C_LANGUAGE_STANDARD = gnu99;
				GCC_NO_COMMON_BLOCKS = YES;
				GCC_WARN_64_TO_32_BIT_CONVERSION = YES;
				GCC_WARN_ABOUT_RETURN_TYPE = YES_ERROR;
				GCC_WARN_UNDECLARED_SELECTOR = YES;
				GCC_WARN_UNINITIALIZED_AUTOS = YES_AGGRESSIVE;
				GCC_WARN_UNUSED_FUNCTION = YES;
				GCC_WARN_UNUSED_VARIABLE = YES;
				IPHONEOS_DEPLOYMENT_TARGET = 9.0;
				MTL_ENABLE_DEBUG_INFO = NO;
				SDKROOT = iphoneos;
				VALIDATE_PRODUCT = YES;
			};
			name = Release;
		};
		38A8CEAA1BCEC67D00F26DB8 /* Debug */ = {
			isa = XCBuildConfiguration;
			buildSettings = {
				ASSETCATALOG_COMPILER_APPICON_NAME = AppIcon;
				INFOPLIST_FILE = TipCalculator/Info.plist;
				LD_RUNPATH_SEARCH_PATHS = "$(inherited) @executable_path/Frameworks";
				PRODUCT_BUNDLE_IDENTIFIER = com.rocketmade.TipCalculator;
				PRODUCT_NAME = "$(TARGET_NAME)";
			};
			name = Debug;
		};
		38A8CEAB1BCEC67D00F26DB8 /* Release */ = {
			isa = XCBuildConfiguration;
			buildSettings = {
				ASSETCATALOG_COMPILER_APPICON_NAME = AppIcon;
				INFOPLIST_FILE = TipCalculator/Info.plist;
				LD_RUNPATH_SEARCH_PATHS = "$(inherited) @executable_path/Frameworks";
				PRODUCT_BUNDLE_IDENTIFIER = com.rocketmade.TipCalculator;
				PRODUCT_NAME = "$(TARGET_NAME)";
			};
			name = Release;
		};
/* End XCBuildConfiguration section */

/* Begin XCConfigurationList section */
		38A8CE921BCEC67D00F26DB8 /* Build configuration list for PBXProject "TipCalculator" */ = {
			isa = XCConfigurationList;
			buildConfigurations = (
				38A8CEA71BCEC67D00F26DB8 /* Debug */,
				38A8CEA81BCEC67D00F26DB8 /* Release */,
			);
			defaultConfigurationIsVisible = 0;
			defaultConfigurationName = Release;
		};
		38A8CEA91BCEC67D00F26DB8 /* Build configuration list for PBXNativeTarget "TipCalculator" */ = {
			isa = XCConfigurationList;
			buildConfigurations = (
				38A8CEAA1BCEC67D00F26DB8 /* Debug */,
				38A8CEAB1BCEC67D00F26DB8 /* Release */,
			);
			defaultConfigurationIsVisible = 0;
			defaultConfigurationName = Release;
		};
/* End XCConfigurationList section */
	};
	rootObject = 38A8CE8F1BCEC67D00F26DB8 /* Project object */;
}
